uuid: bfac7224-24cf-4d94-8d2e-5cd125987b61
langcode: en
status: true
dependencies:
  content:
    - 'block_content:basic:0f6d0b93-349f-47c2-a36f-6ddbbab542a1'
  module:
    - block_content
  theme:
    - weknowtheme
id: weknowtheme_hoursandlocationblock
theme: weknowtheme
region: sidebar_second
weight: -6
provider: null
plugin: 'block_content:0f6d0b93-349f-47c2-a36f-6ddbbab542a1'
settings:
  id: 'block_content:0f6d0b93-349f-47c2-a36f-6ddbbab542a1'
  label: 'Hours and location'
  label_display: visible
  provider: block_content
  status: true
  info: ''
  view_mode: full
visibility: {  }
